[[tools.opentofu]]
version = "1.10.6"
backend = "aqua:opentofu/opentofu"

[tools.opentofu.platforms.linux-x64]
checksum = "sha256:b6b46b4fd8dd0b96e624f2a2d5fbc4efae2fc0174529b37292775c847c2e7d2c"
size = 26721425
url = "https://github.com/opentofu/opentofu/releases/download/v1.10.6/tofu_1.10.6_linux_amd64.tar.gz"

[tools.opentofu.platforms.macos-arm64]
checksum = "sha256:f5399a1ebca90724fda83d93f8a76790979fadb4d896e2be964efcd7df3c146c"
size = 25598685
url = "https://github.com/opentofu/opentofu/releases/download/v1.10.6/tofu_1.10.6_darwin_arm64.tar.gz"

[[tools.terraform]]
version = "1.13.1"
backend = "aqua:hashicorp/terraform"

[tools.terraform.platforms.linux-x64]
checksum = "sha256:4449e2ddc0dee283f0909dd603eaf98edeebaa950f4635cea94f2caf0ffacc5a"
size = 30635389
url = "https://releases.hashicorp.com/terraform/1.13.1/terraform_1.13.1_linux_amd64.zip"
